
Microsoft Visual Studio Solution File, Format Version 12.00
# Visual Studio Version 17
VisualStudioVersion = 17.0.32112.339
MinimumVisualStudioVersion = 10.0.40219.1
Project("{FAE04EC0-301F-11D3-BF4B-00C04F79EFBC}") = "ASP", "ASP.csproj", "{C0639A82-90E7-4A85-B3AB-FF85777BCF97}"
EndProject
Global
	GlobalSection(SolutionConfigurationPlatforms) = preSolution
		Debug|Any CPU = Debug|Any CPU
		Release|Any CPU = Release|Any CPU
	EndGlobalSection
	GlobalSection(ProjectConfigurationPlatforms) = postSolution
		{C0639A82-90E7-4A85-B3AB-FF85777BCF97}.Debug|Any CPU.ActiveCfg = Debug|Any CPU
		{C0639A82-90E7-4A85-B3AB-FF85777BCF97}.Debug|Any CPU.Build.0 = Debug|Any CPU
		{C0639A82-90E7-4A85-B3AB-FF85777BCF97}.Release|Any CPU.ActiveCfg = Release|Any CPU
		{C0639A82-90E7-4A85-B3AB-FF85777BCF97}.Release|Any CPU.Build.0 = Release|Any CPU
	EndGlobalSection
	GlobalSection(SolutionProperties) = preSolution
		HideSolutionNode = FALSE
	EndGlobalSection
	GlobalSection(ExtensibilityGlobals) = postSolution
		SolutionGuid = {9609A058-38CB-46C5-AC9A-73CA4510B9C0}
	EndGlobalSection
EndGlobal
